
Microsoft Visual Studio Solution File, Format Version 12.00
# Visual Studio Version 16
VisualStudioVersion = 16.0.30114.105
MinimumVisualStudioVersion = 10.0.40219.1
Project("{FAE04EC0-301F-11D3-BF4B-00C04F79EFBC}") = "Client", "Client\Client.csproj", "{2E50097D-4103-455A-8B05-F0ECABEEEB6D}"
EndProject
Project("{9A19103F-16F7-4668-BE54-9A1E7A4F7556}") = "Server", "Server\Server.csproj", "{B8981BF3-F49F-481B-8E52-9E508572C24F}"
EndProject
Global
	GlobalSection(SolutionConfigurationPlatforms) = preSolution
		Debug|Any CPU = Debug|Any CPU
		Release|Any CPU = Release|Any CPU
	EndGlobalSection
	GlobalSection(ProjectConfigurationPlatforms) = postSolution
		{2E50097D-4103-455A-8B05-F0ECABEEEB6D}.Debug|Any CPU.ActiveCfg = Debug|Any CPU
		{2E50097D-4103-455A-8B05-F0ECABEEEB6D}.Debug|Any CPU.Build.0 = Debug|Any CPU
		{2E50097D-4103-455A-8B05-F0ECABEEEB6D}.Release|Any CPU.ActiveCfg = Release|Any CPU
		{2E50097D-4103-455A-8B05-F0ECABEEEB6D}.Release|Any CPU.Build.0 = Release|Any CPU
		{B8981BF3-F49F-481B-8E52-9E508572C24F}.Debug|Any CPU.ActiveCfg = Debug|Any CPU
		{B8981BF3-F49F-481B-8E52-9E508572C24F}.Debug|Any CPU.Build.0 = Debug|Any CPU
		{B8981BF3-F49F-481B-8E52-9E508572C24F}.Release|Any CPU.ActiveCfg = Release|Any CPU
		{B8981BF3-F49F-481B-8E52-9E508572C24F}.Release|Any CPU.Build.0 = Release|Any CPU
	EndGlobalSection
	GlobalSection(SolutionProperties) = preSolution
		HideSolutionNode = FALSE
	EndGlobalSection
	GlobalSection(ExtensibilityGlobals) = postSolution
		SolutionGuid = {8F15EDD0-5522-4E1B-A296-F4E5947C2218}
	EndGlobalSection
EndGlobal
